# THIS IS AN AUTOGENERATED FILE. DO NOT EDIT THIS FILE DIRECTLY.
# yarn lockfile v1


"@babel/runtime@^7.4.4":
  version "7.8.7"
  resolved "https://registry.yarnpkg.com/@babel/runtime/-/runtime-7.8.7.tgz#8fefce9802db54881ba59f90bb28719b4996324d"
  integrity sha512-+AATMUFppJDw6aiR5NVPHqIQBlV/Pj8wY/EZH+lmvRdUo9xBaz/rF3alAwFJQavvKfeOlPE7oaaDHVbcySbCsg==
  dependencies:
    regenerator-runtime "^0.13.4"

"@material-ui/lab@^4.0.0-alpha.46":
  version "4.0.0-alpha.46"
  resolved "https://registry.yarnpkg.com/@material-ui/lab/-/lab-4.0.0-alpha.46.tgz#453546d58d3a0064263c198dedb6a1c54d24d1a4"
  integrity sha512-JGgZmj1UNP8bbYNAGvndipjXRK3x2+9mFBzbX7MyCj+WpfnJbeqTmJK2No9MXvPj/EZJ1piaKif46FdDc4U93A==
  dependencies:
    "@babel/runtime" "^7.4.4"
    "@material-ui/utils" "^4.9.6"
    clsx "^1.0.4"
    prop-types "^15.7.2"
    react-is "^16.8.0"

"@material-ui/utils@^4.9.6":
  version "4.9.6"
  resolved "https://registry.yarnpkg.com/@material-ui/utils/-/utils-4.9.6.tgz#5f1f9f6e4df9c8b6a263293b68c94834248ff157"
  integrity sha512-gqlBn0JPPTUZeAktn1rgMcy9Iczrr74ecx31tyZLVGdBGGzsxzM6PP6zeS7FuoLS6vG4hoZP7hWnOoHtkR0Kvw==
  dependencies:
    "@babel/runtime" "^7.4.4"
    prop-types "^15.7.2"
    react-is "^16.8.0"

clsx@^1.0.4:
  version "1.1.0"
  resolved "https://registry.yarnpkg.com/clsx/-/clsx-1.1.0.tgz#62937c6adfea771247c34b54d320fb99624f5702"
  integrity sha512-3avwM37fSK5oP6M5rQ9CNe99lwxhXDOeSWVPAOYF6OazUTgZCMb0yWlJpmdD74REy1gkEaFiub2ULv4fq9GUhA==

"js-tokens@^3.0.0 || ^4.0.0":
  version "4.0.0"
  resolved "https://registry.yarnpkg.com/js-tokens/-/js-tokens-4.0.0.tgz#19203fb59991df98e3a287050d4647cdeaf32499"
  integrity sha512-RdJUflcE3cUzKiMqQgsCu06FPu9UdIJO0beYbPhHN4k6apgJtifcoCtT9bcxOpYBtpD2kCM6Sbzg4CausW/PKQ==

loose-envify@^1.4.0:
  version "1.4.0"
  resolved "https://registry.yarnpkg.com/loose-envify/-/loose-envify-1.4.0.tgz#71ee51fa7be4caec1a63839f7e682d8132d30caf"
  integrity sha512-lyuxPGr/Wfhrlem2CL/UcnUc1zcqKAImBDzukY7Y5F/yQiNdko6+fRLevlw1HgMySw7f611UIY408EtxRSoK3Q==
  dependencies:
    js-tokens "^3.0.0 || ^4.0.0"

object-assign@^4.1.1:
  version "4.1.1"
  resolved "https://registry.yarnpkg.com/object-assign/-/object-assign-4.1.1.tgz#2109adc7965887cfc05cbbd442cac8bfbb360863"
  integrity sha1-IQmtx5ZYh8/AXLvUQsrIv7s2CGM=

prop-types@^15.7.2:
  version "15.7.2"
  resolved "https://registry.yarnpkg.com/prop-types/-/prop-types-15.7.2.tgz#52c41e75b8c87e72b9d9360e0206b99dcbffa6c5"
  integrity sha512-8QQikdH7//R2vurIJSutZ1smHYTcLpRWEOlHnzcWHmBYrOGUysKwSsrC89BCiFj3CbrfJ/nXFdJepOVrY1GCHQ==
  dependencies:
    loose-envify "^1.4.0"
    object-assign "^4.1.1"
    react-is "^16.8.1"

react-is@^16.8.0, react-is@^16.8.1:
  version "16.13.0"
  resolved "https://registry.yarnpkg.com/react-is/-/react-is-16.13.0.tgz#0f37c3613c34fe6b37cd7f763a0d6293ab15c527"
  integrity sha512-GFMtL0vHkiBv9HluwNZTggSn/sCyEt9n02aM0dSAjGGyqyNlAyftYm4phPxdvCigG15JreC5biwxCgTAJZ7yAA==

regenerator-runtime@^0.13.4:
  version "0.13.5"
  resolved "https://registry.yarnpkg.com/regenerator-runtime/-/regenerator-runtime-0.13.5.tgz#d878a1d094b4306d10b9096484b33ebd55e26697"
  integrity sha512-ZS5w8CpKFinUzOwW3c83oPeVXoNsrLsaCoLtJvAClH135j/R77RuymhiSErhm2lKcwSCIpmvIWSbDkIfAqKQlA==
